Microsoft Visual Studio Solution File, Format Version 11.00
# Visual Studio 2008

Project("{0820AD4E-1147-AD44-CF8D-D16DAB66E43E}") = "1GAM1601", "Assembly-CSharp.csproj", "{574C8624-CBE9-6481-C813-AE5A5FA7031D}"
EndProject
Global
	GlobalSection(SolutionConfigurationPlatforms) = preSolution
		Debug|Any CPU = Debug|Any CPU
		Release|Any CPU = Release|Any CPU
	EndGlobalSection
	GlobalSection(ProjectConfigurationPlatforms) = postSolution
		{574C8624-CBE9-6481-C813-AE5A5FA7031D}.Debug|Any CPU.ActiveCfg = Debug|Any CPU
		{574C8624-CBE9-6481-C813-AE5A5FA7031D}.Debug|Any CPU.Build.0 = Debug|Any CPU
		{574C8624-CBE9-6481-C813-AE5A5FA7031D}.Release|Any CPU.ActiveCfg = Release|Any CPU
		{574C8624-CBE9-6481-C813-AE5A5FA7031D}.Release|Any CPU.Build.0 = Release|Any CPU
	EndGlobalSection
	GlobalSection(SolutionProperties) = preSolution
		HideSolutionNode = FALSE
	EndGlobalSection
	GlobalSection(MonoDevelopProperties) = preSolution
		StartupItem = Assembly-CSharp.csproj
	EndGlobalSection
EndGlobal
